{
  "name": "datemycat-frontend",
  "version": "0.1.0",
  "lockfileVersion": 1,
  "requires": true,
  "dependencies": {
    "babel-runtime": {
      "version": "6.26.0",
      "resolved": "https://registry.npmjs.org/babel-runtime/-/babel-runtime-6.26.0.tgz",
      "integrity": "sha1-llxwWGaOgrVde/4E/yM3vItWR/4=",
      "requires": {
        "core-js": "2.5.7",
        "regenerator-runtime": "0.11.1"
      }
    },
    "core-js": {
      "version": "2.5.7",
      "resolved": "https://registry.npmjs.org/core-js/-/core-js-2.5.7.tgz",
      "integrity": "sha512-RszJCAxg/PP6uzXVXL6BsxSXx/B05oJAQ2vkJRjyjrEcNVycaqOmNb5OTxZPE3xa5gwZduqza6L9JOCenh/Ecw=="
    },
    "detect-passive-events": {
      "version": "1.0.4",
      "resolved": "https://registry.npmjs.org/detect-passive-events/-/detect-passive-events-1.0.4.tgz",
      "integrity": "sha1-btR35uW863kHlzXc01d4nTf5qRo="
    },
    "js-tokens": {
      "version": "4.0.0",
      "resolved": "https://registry.npmjs.org/js-tokens/-/js-tokens-4.0.0.tgz",
      "integrity": "sha512-RdJUflcE3cUzKiMqQgsCu06FPu9UdIJO0beYbPhHN4k6apgJtifcoCtT9bcxOpYBtpD2kCM6Sbzg4CausW/PKQ=="
    },
    "lodash.debounce": {
      "version": "4.0.8",
      "resolved": "https://registry.npmjs.org/lodash.debounce/-/lodash.debounce-4.0.8.tgz",
      "integrity": "sha1-gteb/zCmfEAF/9XiUVMArZyk168="
    },
    "lodash.throttle": {
      "version": "4.1.1",
      "resolved": "https://registry.npmjs.org/lodash.throttle/-/lodash.throttle-4.1.1.tgz",
      "integrity": "sha1-wj6RtxAkKscMN/HhzaknTMOb8vQ="
    },
    "loose-envify": {
      "version": "1.4.0",
      "resolved": "https://registry.npmjs.org/loose-envify/-/loose-envify-1.4.0.tgz",
      "integrity": "sha512-lyuxPGr/Wfhrlem2CL/UcnUc1zcqKAImBDzukY7Y5F/yQiNdko6+fRLevlw1HgMySw7f611UIY408EtxRSoK3Q==",
      "requires": {
        "js-tokens": "4.0.0"
      }
    },
    "object-assign": {
      "version": "4.1.1",
      "resolved": "https://registry.npmjs.org/object-assign/-/object-assign-4.1.1.tgz",
      "integrity": "sha1-IQmtx5ZYh8/AXLvUQsrIv7s2CGM="
    },
    "prop-types": {
      "version": "15.6.2",
      "resolved": "https://registry.npmjs.org/prop-types/-/prop-types-15.6.2.tgz",
      "integrity": "sha512-3pboPvLiWD7dkI3qf3KbUe6hKFKa52w+AE0VCqECtf+QHAKgOL37tTaNCnuX1nAAQ4ZhyP+kYVKf8rLmJ/feDQ==",
      "requires": {
        "loose-envify": "1.4.0",
        "object-assign": "4.1.1"
      }
    },
    "react-image": {
      "version": "1.4.1",
      "resolved": "https://registry.npmjs.org/react-image/-/react-image-1.4.1.tgz",
      "integrity": "sha512-7F134wh3pOK+uKn7abPVdEo8i++18wN398ZDmt2bfW4qvAQN+//JqrucYyJwy7IQEh3vrGX386f80dDpLhvLZQ==",
      "requires": {
        "babel-runtime": "6.26.0",
        "prop-types": "15.6.2"
      }
    },
    "react-image-gallery": {
      "version": "0.8.11",
      "resolved": "https://registry.npmjs.org/react-image-gallery/-/react-image-gallery-0.8.11.tgz",
      "integrity": "sha512-g2j6bx2/0TPmZMqQFZ7CMm/iiAv5HDJxv6LQS1SSPloVjdeVNISqDUBb1SPYoe+swCeMAsxFYuDoUfev/Nrz+g==",
      "requires": {
        "lodash.debounce": "4.0.8",
        "lodash.throttle": "4.1.1",
        "prop-types": "15.6.2",
        "react-swipeable": "4.3.0",
        "resize-observer-polyfill": "1.5.0"
      }
    },
    "react-swipeable": {
      "version": "4.3.0",
      "resolved": "https://registry.npmjs.org/react-swipeable/-/react-swipeable-4.3.0.tgz",
      "integrity": "sha512-L21VMbcDvG+AOVF4ZIbQ8sICGIgiKB/plGKWBMw6dkxt5neS7x74ZlTbJ39U8slz798MZBv/uIoE9Vzgp3PODQ==",
      "requires": {
        "detect-passive-events": "1.0.4",
        "prop-types": "15.6.2"
      }
    },
    "regenerator-runtime": {
      "version": "0.11.1",
      "resolved": "https://registry.npmjs.org/regenerator-runtime/-/regenerator-runtime-0.11.1.tgz",
      "integrity": "sha512-MguG95oij0fC3QV3URf4V2SDYGJhJnJGqvIIgdECeODCT98wSWDAJ94SSuVpYQUoTcGUIL6L4yNB7j1DFFHSBg=="
    },
    "resize-observer-polyfill": {
      "version": "1.5.0",
      "resolved": "https://registry.npmjs.org/resize-observer-polyfill/-/resize-observer-polyfill-1.5.0.tgz",
      "integrity": "sha512-M2AelyJDVR/oLnToJLtuDJRBBWUGUvvGigj1411hXhAdyFWqMaqHp7TixW3FpiLuVaikIcR1QL+zqoJoZlOgpg=="
    }
  }
}
